
Microsoft Visual Studio Solution File, Format Version 12.00
# Visual Studio Version 17
VisualStudioVersion = 17.0.31903.59
MinimumVisualStudioVersion = 10.0.40219.1
Project("{FAE04EC0-301F-11D3-BF4B-00C04F79EFBC}") = "VerticalSlice.Application", "VerticalSlice.Application\VerticalSlice.Application.csproj", "{073B4FC4-CEFB-4059-A5AF-3D5F8E3B29BA}"
EndProject
Global
	GlobalSection(SolutionConfigurationPlatforms) = preSolution
		Debug|Any CPU = Debug|Any CPU
		Release|Any CPU = Release|Any CPU
	EndGlobalSection
	GlobalSection(SolutionProperties) = preSolution
		HideSolutionNode = FALSE
	EndGlobalSection
	GlobalSection(ProjectConfigurationPlatforms) = postSolution
		{073B4FC4-CEFB-4059-A5AF-3D5F8E3B29BA}.Debug|Any CPU.ActiveCfg = Debug|Any CPU
		{073B4FC4-CEFB-4059-A5AF-3D5F8E3B29BA}.Debug|Any CPU.Build.0 = Debug|Any CPU
		{073B4FC4-CEFB-4059-A5AF-3D5F8E3B29BA}.Release|Any CPU.ActiveCfg = Release|Any CPU
		{073B4FC4-CEFB-4059-A5AF-3D5F8E3B29BA}.Release|Any CPU.Build.0 = Release|Any CPU
	EndGlobalSection
EndGlobal
